// !$*UTF8*$!
{
	archiveVersion = 1;
	classes = {
	};
	objectVersion = 50;
	objects = {

/* Begin PBXBuildFile section */
		06090F3F24B0FB76003C27AC /* ProminentTabBarItemView.swift in Sources */ = {isa = PBXBuildFile; fileRef = 06090F3E24B0FB76003C27AC /* ProminentTabBarItemView.swift */; };
		06221EF224AFC34700440C7D /* MockProvider.swift in Sources */ = {isa = PBXBuildFile; fileRef = 06221EF124AFC34700440C7D /* MockProvider.swift */; };
		06221EF524AFC3EE00440C7D /* Nunito-Bold.ttf in Resources */ = {isa = PBXBuildFile; fileRef = 06221EF424AFC3EE00440C7D /* Nunito-Bold.ttf */; };
		066E2DFB24AD4FFB00CDDB00 /* AppDelegate.swift in Sources */ = {isa = PBXBuildFile; fileRef = 066E2DFA24AD4FFB00CDDB00 /* AppDelegate.swift */; };
		066E2DFD24AD4FFB00CDDB00 /* SceneDelegate.swift in Sources */ = {isa = PBXBuildFile; fileRef = 066E2DFC24AD4FFB00CDDB00 /* SceneDelegate.swift */; };
		066E2E0124AD4FFC00CDDB00 /* Assets.xcassets in Resources */ = {isa = PBXBuildFile; fileRef = 066E2E0024AD4FFC00CDDB00 /* Assets.xcassets */; };
		066E2E0424AD4FFC00CDDB00 /* Preview Assets.xcassets in Resources */ = {isa = PBXBuildFile; fileRef = 066E2E0324AD4FFC00CDDB00 /* Preview Assets.xcassets */; };
		066E2E0724AD4FFC00CDDB00 /* LaunchScreen.storyboard in Resources */ = {isa = PBXBuildFile; fileRef = 066E2E0524AD4FFC00CDDB00 /* LaunchScreen.storyboard */; };
		066E2E1024AD502300CDDB00 /* Extensions.swift in Sources */ = {isa = PBXBuildFile; fileRef = 066E2E0F24AD502300CDDB00 /* Extensions.swift */; };
		066E2E1224AD507D00CDDB00 /* TabBarView.swift in Sources */ = {isa = PBXBuildFile; fileRef = 066E2E1124AD507D00CDDB00 /* TabBarView.swift */; };
		066E2E1524AD65D800CDDB00 /* TabBarItemView.swift in Sources */ = {isa = PBXBuildFile; fileRef = 066E2E1424AD65D800CDDB00 /* TabBarItemView.swift */; };
/* End PBXBuildFile section */

/* Begin PBXFileReference section */
		06090F3E24B0FB76003C27AC /* ProminentTabBarItemView.swift */ = {isa = PBXFileReference; lastKnownFileType = sourcecode.swift; path = ProminentTabBarItemView.swift; sourceTree = "<group>"; };
		06221EF124AFC34700440C7D /* MockProvider.swift */ = {isa = PBXFileReference; lastKnownFileType = sourcecode.swift; path = MockProvider.swift; sourceTree = "<group>"; };
		06221EF424AFC3EE00440C7D /* Nunito-Bold.ttf */ = {isa = PBXFileReference; lastKnownFileType = file; path = "Nunito-Bold.ttf"; sourceTree = "<group>"; };
		066E2DF724AD4FFB00CDDB00 /* SwiftUITutorials.app */ = {isa = PBXFileReference; explicitFileType = wrapper.application; includeInIndex = 0; path = SwiftUITutorials.app; sourceTree = BUILT_PRODUCTS_DIR; };
		066E2DFA24AD4FFB00CDDB00 /* AppDelegate.swift */ = {isa = PBXFileReference; lastKnownFileType = sourcecode.swift; path = AppDelegate.swift; sourceTree = "<group>"; };
		066E2DFC24AD4FFB00CDDB00 /* SceneDelegate.swift */ = {isa = PBXFileReference; lastKnownFileType = sourcecode.swift; path = SceneDelegate.swift; sourceTree = "<group>"; };
		066E2E0024AD4FFC00CDDB00 /* Assets.xcassets */ = {isa = PBXFileReference; lastKnownFileType = folder.assetcatalog; path = Assets.xcassets; sourceTree = "<group>"; };
		066E2E0324AD4FFC00CDDB00 /* Preview Assets.xcassets */ = {isa = PBXFileReference; lastKnownFileType = folder.assetcatalog; path = "Preview Assets.xcassets"; sourceTree = "<group>"; };
		066E2E0624AD4FFC00CDDB00 /* Base */ = {isa = PBXFileReference; lastKnownFileType = file.storyboard; name = Base; path = Base.lproj/LaunchScreen.storyboard; sourceTree = "<group>"; };
		066E2E0824AD4FFC00CDDB00 /* Info.plist */ = {isa = PBXFileReference; lastKnownFileType = text.plist.xml; path = Info.plist; sourceTree = "<group>"; };
		066E2E0F24AD502300CDDB00 /* Extensions.swift */ = {isa = PBXFileReference; lastKnownFileType = sourcecode.swift; path = Extensions.swift; sourceTree = "<group>"; };
		066E2E1124AD507D00CDDB00 /* TabBarView.swift */ = {isa = PBXFileReference; lastKnownFileType = sourcecode.swift; path = TabBarView.swift; sourceTree = "<group>"; };
		066E2E1424AD65D800CDDB00 /* TabBarItemView.swift */ = {isa = PBXFileReference; lastKnownFileType = sourcecode.swift; path = TabBarItemView.swift; sourceTree = "<group>"; };
/* End PBXFileReference section */

/* Begin PBXFrameworksBuildPhase section */
		066E2DF424AD4FFB00CDDB00 /* Frameworks */ = {
			isa = PBXFrameworksBuildPhase;
			buildActionMask = 2147483647;
			files = (
			);
			runOnlyForDeploymentPostprocessing = 0;
		};
/* End PBXFrameworksBuildPhase section */

/* Begin PBXGroup section */
		06221EF324AFC38E00440C7D /* Fonts */ = {
			isa = PBXGroup;
			children = (
				06221EF424AFC3EE00440C7D /* Nunito-Bold.ttf */,
			);
			path = Fonts;
			sourceTree = "<group>";
		};
		066E2DEE24AD4FFB00CDDB00 = {
			isa = PBXGroup;
			children = (
				066E2DF924AD4FFB00CDDB00 /* SwiftUITutorials */,
				066E2DF824AD4FFB00CDDB00 /* Products */,
			);
			sourceTree = "<group>";
		};
		066E2DF824AD4FFB00CDDB00 /* Products */ = {
			isa = PBXGroup;
			children = (
				066E2DF724AD4FFB00CDDB00 /* SwiftUITutorials.app */,
			);
			name = Products;
			sourceTree = "<group>";
		};
		066E2DF924AD4FFB00CDDB00 /* SwiftUITutorials */ = {
			isa = PBXGroup;
			children = (
				06F9BDB324B2AAF60068239F /* TabBarView */,
				06221EF324AFC38E00440C7D /* Fonts */,
				066E2E0E24AD501500CDDB00 /* Extensions */,
				066E2DFA24AD4FFB00CDDB00 /* AppDelegate.swift */,
				066E2DFC24AD4FFB00CDDB00 /* SceneDelegate.swift */,
				066E2E0024AD4FFC00CDDB00 /* Assets.xcassets */,
				066E2E0524AD4FFC00CDDB00 /* LaunchScreen.storyboard */,
				066E2E0824AD4FFC00CDDB00 /* Info.plist */,
				066E2E0224AD4FFC00CDDB00 /* Preview Content */,
				06221EF124AFC34700440C7D /* MockProvider.swift */,
			);
			path = SwiftUITutorials;
			sourceTree = "<group>";
		};
		066E2E0224AD4FFC00CDDB00 /* Preview Content */ = {
			isa = PBXGroup;
			children = (
				066E2E0324AD4FFC00CDDB00 /* Preview Assets.xcassets */,
			);
			path = "Preview Content";
			sourceTree = "<group>";
		};
		066E2E0E24AD501500CDDB00 /* Extensions */ = {
			isa = PBXGroup;
			children = (
				066E2E0F24AD502300CDDB00 /* Extensions.swift */,
			);
			path = Extensions;
			sourceTree = "<group>";
		};
		06F9BDB324B2AAF60068239F /* TabBarView */ = {
			isa = PBXGroup;
			children = (
				066E2E1124AD507D00CDDB00 /* TabBarView.swift */,
				066E2E1424AD65D800CDDB00 /* TabBarItemView.swift */,
				06090F3E24B0FB76003C27AC /* ProminentTabBarItemView.swift */,
			);
			path = TabBarView;
			sourceTree = "<group>";
		};
/* End PBXGroup section */

/* Begin PBXNativeTarget section */
		066E2DF624AD4FFB00CDDB00 /* SwiftUITutorials */ = {
			isa = PBXNativeTarget;
			buildConfigurationList = 066E2E0B24AD4FFC00CDDB00 /* Build configuration list for PBXNativeTarget "SwiftUITutorials" */;
			buildPhases = (
				066E2DF324AD4FFB00CDDB00 /* Sources */,
				066E2DF424AD4FFB00CDDB00 /* Frameworks */,
				066E2DF524AD4FFB00CDDB00 /* Resources */,
			);
			buildRules = (
			);
			dependencies = (
			);
			name = SwiftUITutorials;
			productName = SwiftUITutorials;
			productReference = 066E2DF724AD4FFB00CDDB00 /* SwiftUITutorials.app */;
			productType = "com.apple.product-type.application";
		};
/* End PBXNativeTarget section */

/* Begin PBXProject section */
		066E2DEF24AD4FFB00CDDB00 /* Project object */ = {
			isa = PBXProject;
			attributes = {
				LastSwiftUpdateCheck = 1150;
				LastUpgradeCheck = 1150;
				ORGANIZATIONNAME = "Mohit Athwani";
				TargetAttributes = {
					066E2DF624AD4FFB00CDDB00 = {
						CreatedOnToolsVersion = 11.5;
					};
				};
			};
			buildConfigurationList = 066E2DF224AD4FFB00CDDB00 /* Build configuration list for PBXProject "SwiftUITutorials" */;
			compatibilityVersion = "Xcode 9.3";
			developmentRegion = en;
			hasScannedForEncodings = 0;
			knownRegions = (
				en,
				Base,
			);
			mainGroup = 066E2DEE24AD4FFB00CDDB00;
			productRefGroup = 066E2DF824AD4FFB00CDDB00 /* Products */;
			projectDirPath = "";
			projectRoot = "";
			targets = (
				066E2DF624AD4FFB00CDDB00 /* SwiftUITutorials */,
			);
		};
/* End PBXProject section */

/* Begin PBXResourcesBuildPhase section */
		066E2DF524AD4FFB00CDDB00 /* Resources */ = {
			isa = PBXResourcesBuildPhase;
			buildActionMask = 2147483647;
			files = (
				066E2E0724AD4FFC00CDDB00 /* LaunchScreen.storyboard in Resources */,
				066E2E0424AD4FFC00CDDB00 /* Preview Assets.xcassets in Resources */,
				06221EF524AFC3EE00440C7D /* Nunito-Bold.ttf in Resources */,
				066E2E0124AD4FFC00CDDB00 /* Assets.xcassets in Resources */,
			);
			runOnlyForDeploymentPostprocessing = 0;
		};
/* End PBXResourcesBuildPhase section */

/* Begin PBXSourcesBuildPhase section */
		066E2DF324AD4FFB00CDDB00 /* Sources */ = {
			isa = PBXSourcesBuildPhase;
			buildActionMask = 2147483647;
			files = (
				066E2DFB24AD4FFB00CDDB00 /* AppDelegate.swift in Sources */,
				066E2DFD24AD4FFB00CDDB00 /* SceneDelegate.swift in Sources */,
				06221EF224AFC34700440C7D /* MockProvider.swift in Sources */,
				06090F3F24B0FB76003C27AC /* ProminentTabBarItemView.swift in Sources */,
				066E2E1224AD507D00CDDB00 /* TabBarView.swift in Sources */,
				066E2E1524AD65D800CDDB00 /* TabBarItemView.swift in Sources */,
				066E2E1024AD502300CDDB00 /* Extensions.swift in Sources */,
			);
			runOnlyForDeploymentPostprocessing = 0;
		};
/* End PBXSourcesBuildPhase section */

/* Begin PBXVariantGroup section */
		066E2E0524AD4FFC00CDDB00 /* LaunchScreen.storyboard */ = {
			isa = PBXVariantGroup;
			children = (
				066E2E0624AD4FFC00CDDB00 /* Base */,
			);
			name = LaunchScreen.storyboard;
			sourceTree = "<group>";
		};
/* End PBXVariantGroup section */

/* Begin XCBuildConfiguration section */
		066E2E0924AD4FFC00CDDB00 /* Debug */ = {
			isa = XCBuildConfiguration;
			buildSettings = {
				ALWAYS_SEARCH_USER_PATHS = NO;
				CLANG_ANALYZER_NONNULL = YES;
				CLANG_ANALYZER_NUMBER_OBJECT_CONVERSION = YES_AGGRESSIVE;
				CLANG_CXX_LANGUAGE_STANDARD = "gnu++14";
				CLANG_CXX_LIBRARY = "libc++";
				CLANG_ENABLE_MODULES = YES;
				CLANG_ENABLE_OBJC_ARC = YES;
				CLANG_ENABLE_OBJC_WEAK = YES;
				CLANG_WARN_BLOCK_CAPTURE_AUTORELEASING = YES;
				CLANG_WARN_BOOL_CONVERSION = YES;
				CLANG_WARN_COMMA = YES;
				CLANG_WARN_CONSTANT_CONVERSION = YES;
				CLANG_WARN_DEPRECATED_OBJC_IMPLEMENTATIONS = YES;
				CLANG_WARN_DIRECT_OBJC_ISA_USAGE = YES_ERROR;
				CLANG_WARN_DOCUMENTATION_COMMENTS = YES;
				CLANG_WARN_EMPTY_BODY = YES;
				CLANG_WARN_ENUM_CONVERSION = YES;
				CLANG_WARN_INFINITE_RECURSION = YES;
				CLANG_WARN_INT_CONVERSION = YES;
				CLANG_WARN_NON_LITERAL_NULL_CONVERSION = YES;
				CLANG_WARN_OBJC_IMPLICIT_RETAIN_SELF = YES;
				CLANG_WARN_OBJC_LITERAL_CONVERSION = YES;
				CLANG_WARN_OBJC_ROOT_CLASS = YES_ERROR;
				CLANG_WARN_RANGE_LOOP_ANALYSIS = YES;
				CLANG_WARN_STRICT_PROTOTYPES = YES;
				CLANG_WARN_SUSPICIOUS_MOVE = YES;
				CLANG_WARN_UNGUARDED_AVAILABILITY = YES_AGGRESSIVE;
				CLANG_WARN_UNREACHABLE_CODE = YES;
				CLANG_WARN__DUPLICATE_METHOD_MATCH = YES;
				COPY_PHASE_STRIP = NO;
				DEBUG_INFORMATION_FORMAT = dwarf;
				ENABLE_STRICT_OBJC_MSGSEND = YES;
				ENABLE_TESTABILITY = YES;
				GCC_C_LANGUAGE_STANDARD = gnu11;
				GCC_DYNAMIC_NO_PIC = NO;
				GCC_NO_COMMON_BLOCKS = YES;
				GCC_OPTIMIZATION_LEVEL = 0;
				GCC_PREPROCESSOR_DEFINITIONS = (
					"DEBUG=1",
					"$(inherited)",
				);
				GCC_WARN_64_TO_32_BIT_CONVERSION = YES;
				GCC_WARN_ABOUT_RETURN_TYPE = YES_ERROR;
				GCC_WARN_UNDECLARED_SELECTOR = YES;
				GCC_WARN_UNINITIALIZED_AUTOS = YES_AGGRESSIVE;
				GCC_WARN_UNUSED_FUNCTION = YES;
				GCC_WARN_UNUSED_VARIABLE = YES;
				IPHONEOS_DEPLOYMENT_TARGET = 13.5;
				MTL_ENABLE_DEBUG_INFO = INCLUDE_SOURCE;
				MTL_FAST_MATH = YES;
				ONLY_ACTIVE_ARCH = YES;
				SDKROOT = iphoneos;
				SWIFT_ACTIVE_COMPILATION_CONDITIONS = DEBUG;
				SWIFT_OPTIMIZATION_LEVEL = "-Onone";
			};
			name = Debug;
		};
		066E2E0A24AD4FFC00CDDB00 /* Release */ = {
			isa = XCBuildConfiguration;
			buildSettings = {
				ALWAYS_SEARCH_USER_PATHS = NO;
				CLANG_ANALYZER_NONNULL = YES;
				CLANG_ANALYZER_NUMBER_OBJECT_CONVERSION = YES_AGGRESSIVE;
				CLANG_CXX_LANGUAGE_STANDARD = "gnu++14";
				CLANG_CXX_LIBRARY = "libc++";
				CLANG_ENABLE_MODULES = YES;
				CLANG_ENABLE_OBJC_ARC = YES;
				CLANG_ENABLE_OBJC_WEAK = YES;
				CLANG_WARN_BLOCK_CAPTURE_AUTORELEASING = YES;
				CLANG_WARN_BOOL_CONVERSION = YES;
				CLANG_WARN_COMMA = YES;
				CLANG_WARN_CONSTANT_CONVERSION = YES;
				CLANG_WARN_DEPRECATED_OBJC_IMPLEMENTATIONS = YES;
				CLANG_WARN_DIRECT_OBJC_ISA_USAGE = YES_ERROR;
				CLANG_WARN_DOCUMENTATION_COMMENTS = YES;
				CLANG_WARN_EMPTY_BODY = YES;
				CLANG_WARN_ENUM_CONVERSION = YES;
				CLANG_WARN_INFINITE_RECURSION = YES;
				CLANG_WARN_INT_CONVERSION = YES;
				CLANG_WARN_NON_LITERAL_NULL_CONVERSION = YES;
				CLANG_WARN_OBJC_IMPLICIT_RETAIN_SELF = YES;
				CLANG_WARN_OBJC_LITERAL_CONVERSION = YES;
				CLANG_WARN_OBJC_ROOT_CLASS = YES_ERROR;
				CLANG_WARN_RANGE_LOOP_ANALYSIS = YES;
				CLANG_WARN_STRICT_PROTOTYPES = YES;
				CLANG_WARN_SUSPICIOUS_MOVE = YES;
				CLANG_WARN_UNGUARDED_AVAILABILITY = YES_AGGRESSIVE;
				CLANG_WARN_UNREACHABLE_CODE = YES;
				CLANG_WARN__DUPLICATE_METHOD_MATCH = YES;
				COPY_PHASE_STRIP = NO;
				DEBUG_INFORMATION_FORMAT = "dwarf-with-dsym";
				ENABLE_NS_ASSERTIONS = NO;
				ENABLE_STRICT_OBJC_MSGSEND = YES;
				GCC_C_LANGUAGE_STANDARD = gnu11;
				GCC_NO_COMMON_BLOCKS = YES;
				GCC_WARN_64_TO_32_BIT_CONVERSION = YES;
				GCC_WARN_ABOUT_RETURN_TYPE = YES_ERROR;
				GCC_WARN_UNDECLARED_SELECTOR = YES;
				GCC_WARN_UNINITIALIZED_AUTOS = YES_AGGRESSIVE;
				GCC_WARN_UNUSED_FUNCTION = YES;
				GCC_WARN_UNUSED_VARIABLE = YES;
				IPHONEOS_DEPLOYMENT_TARGET = 13.5;
				MTL_ENABLE_DEBUG_INFO = NO;
				MTL_FAST_MATH = YES;
				SDKROOT = iphoneos;
				SWIFT_COMPILATION_MODE = wholemodule;
				SWIFT_OPTIMIZATION_LEVEL = "-O";
				VALIDATE_PRODUCT = YES;
			};
			name = Release;
		};
		066E2E0C24AD4FFC00CDDB00 /* Debug */ = {
			isa = XCBuildConfiguration;
			buildSettings = {
				ASSETCATALOG_COMPILER_APPICON_NAME = AppIcon;
				CODE_SIGN_STYLE = Automatic;
				DEVELOPMENT_ASSET_PATHS = "\"SwiftUITutorials/Preview Content\"";
				DEVELOPMENT_TEAM = CB34G9Z4DX;
				ENABLE_PREVIEWS = YES;
				INFOPLIST_FILE = SwiftUITutorials/Info.plist;
				LD_RUNPATH_SEARCH_PATHS = (
					"$(inherited)",
					"@executable_path/Frameworks",
				);
				PRODUCT_BUNDLE_IDENTIFIER = in.teramolabs.SwiftUITutorials;
				PRODUCT_NAME = "$(TARGET_NAME)";
				SWIFT_VERSION = 5.0;
				TARGETED_DEVICE_FAMILY = "1,2";
			};
			name = Debug;
		};
		066E2E0D24AD4FFC00CDDB00 /* Release */ = {
			isa = XCBuildConfiguration;
			buildSettings = {
				ASSETCATALOG_COMPILER_APPICON_NAME = AppIcon;
				CODE_SIGN_STYLE = Automatic;
				DEVELOPMENT_ASSET_PATHS = "\"SwiftUITutorials/Preview Content\"";
				DEVELOPMENT_TEAM = CB34G9Z4DX;
				ENABLE_PREVIEWS = YES;
				INFOPLIST_FILE = SwiftUITutorials/Info.plist;
				LD_RUNPATH_SEARCH_PATHS = (
					"$(inherited)",
					"@executable_path/Frameworks",
				);
				PRODUCT_BUNDLE_IDENTIFIER = in.teramolabs.SwiftUITutorials;
				PRODUCT_NAME = "$(TARGET_NAME)";
				SWIFT_VERSION = 5.0;
				TARGETED_DEVICE_FAMILY = "1,2";
			};
			name = Release;
		};
/* End XCBuildConfiguration section */

/* Begin XCConfigurationList section */
		066E2DF224AD4FFB00CDDB00 /* Build configuration list for PBXProject "SwiftUITutorials" */ = {
			isa = XCConfigurationList;
			buildConfigurations = (
				066E2E0924AD4FFC00CDDB00 /* Debug */,
				066E2E0A24AD4FFC00CDDB00 /* Release */,
			);
			defaultConfigurationIsVisible = 0;
			defaultConfigurationName = Release;
		};
		066E2E0B24AD4FFC00CDDB00 /* Build configuration list for PBXNativeTarget "SwiftUITutorials" */ = {
			isa = XCConfigurationList;
			buildConfigurations = (
				066E2E0C24AD4FFC00CDDB00 /* Debug */,
				066E2E0D24AD4FFC00CDDB00 /* Release */,
			);
			defaultConfigurationIsVisible = 0;
			defaultConfigurationName = Release;
		};
/* End XCConfigurationList section */
	};
	rootObject = 066E2DEF24AD4FFB00CDDB00 /* Project object */;
}
